
Microsoft Visual Studio Solution File, Format Version 12.00
# Visual Studio Version 16
VisualStudioVersion = 16.0.30309.148
MinimumVisualStudioVersion = 10.0.40219.1
Project("{FAE04EC0-301F-11D3-BF4B-00C04F79EFBC}") = "FCPC", "FCPC\FCPC.csproj", "{AF95936F-7A75-46A3-B5B1-ACBBAEA8379C}"
EndProject
Global
	GlobalSection(SolutionConfigurationPlatforms) = preSolution
		Debug|Any CPU = Debug|Any CPU
		Release|Any CPU = Release|Any CPU
	EndGlobalSection
	GlobalSection(ProjectConfigurationPlatforms) = postSolution
		{AF95936F-7A75-46A3-B5B1-ACBBAEA8379C}.Debug|Any CPU.ActiveCfg = Debug|Any CPU
		{AF95936F-7A75-46A3-B5B1-ACBBAEA8379C}.Debug|Any CPU.Build.0 = Debug|Any CPU
		{AF95936F-7A75-46A3-B5B1-ACBBAEA8379C}.Release|Any CPU.ActiveCfg = Release|Any CPU
		{AF95936F-7A75-46A3-B5B1-ACBBAEA8379C}.Release|Any CPU.Build.0 = Release|Any CPU
	EndGlobalSection
	GlobalSection(SolutionProperties) = preSolution
		HideSolutionNode = FALSE
	EndGlobalSection
	GlobalSection(ExtensibilityGlobals) = postSolution
		SolutionGuid = {20E9E210-362D-4D74-9351-C8A13D40544B}
	EndGlobalSection
EndGlobal
